
Microsoft Visual Studio Solution File, Format Version 12.00
# Visual Studio Version 17
VisualStudioVersion = 17.14.36811.4
MinimumVisualStudioVersion = 10.0.40219.1
Project("{FAE04EC0-301F-11D3-BF4B-00C04F79EFBC}") = "Domain", "Domain\Domain.csproj", "{EA3E9593-1A14-4561-8534-A740CD30BD7C}"
EndProject
Project("{FAE04EC0-301F-11D3-BF4B-00C04F79EFBC}") = "Infrastructure", "Infrastructure\Infrastructure.csproj", "{FF9EC16C-9414-468D-B6FF-FEE8F359FAF7}"
EndProject
Project("{FAE04EC0-301F-11D3-BF4B-00C04F79EFBC}") = "Application", "Application\Application.csproj", "{A7AE139F-DCDC-493C-8256-98995868E8B8}"
EndProject
Project("{FAE04EC0-301F-11D3-BF4B-00C04F79EFBC}") = "Presentation", "SnackisForum.Presentation\Presentation.csproj", "{CAA5145C-3707-4269-A183-D5C29CECF99E}"
EndProject
Project("{FAE04EC0-301F-11D3-BF4B-00C04F79EFBC}") = "API", "SnackisForum.API\API.csproj", "{59F99639-34AC-46E0-AC75-22DF36A53D8A}"
EndProject
Global
	GlobalSection(SolutionConfigurationPlatforms) = preSolution
		Debug|Any CPU = Debug|Any CPU
		Release|Any CPU = Release|Any CPU
	EndGlobalSection
	GlobalSection(ProjectConfigurationPlatforms) = postSolution
		{EA3E9593-1A14-4561-8534-A740CD30BD7C}.Debug|Any CPU.ActiveCfg = Debug|Any CPU
		{EA3E9593-1A14-4561-8534-A740CD30BD7C}.Debug|Any CPU.Build.0 = Debug|Any CPU
		{EA3E9593-1A14-4561-8534-A740CD30BD7C}.Release|Any CPU.ActiveCfg = Release|Any CPU
		{EA3E9593-1A14-4561-8534-A740CD30BD7C}.Release|Any CPU.Build.0 = Release|Any CPU
		{FF9EC16C-9414-468D-B6FF-FEE8F359FAF7}.Debug|Any CPU.ActiveCfg = Debug|Any CPU
		{FF9EC16C-9414-468D-B6FF-FEE8F359FAF7}.Debug|Any CPU.Build.0 = Debug|Any CPU
		{FF9EC16C-9414-468D-B6FF-FEE8F359FAF7}.Release|Any CPU.ActiveCfg = Release|Any CPU
		{FF9EC16C-9414-468D-B6FF-FEE8F359FAF7}.Release|Any CPU.Build.0 = Release|Any CPU
		{A7AE139F-DCDC-493C-8256-98995868E8B8}.Debug|Any CPU.ActiveCfg = Debug|Any CPU
		{A7AE139F-DCDC-493C-8256-98995868E8B8}.Debug|Any CPU.Build.0 = Debug|Any CPU
		{A7AE139F-DCDC-493C-8256-98995868E8B8}.Release|Any CPU.ActiveCfg = Release|Any CPU
		{A7AE139F-DCDC-493C-8256-98995868E8B8}.Release|Any CPU.Build.0 = Release|Any CPU
		{CAA5145C-3707-4269-A183-D5C29CECF99E}.Debug|Any CPU.ActiveCfg = Debug|Any CPU
		{CAA5145C-3707-4269-A183-D5C29CECF99E}.Debug|Any CPU.Build.0 = Debug|Any CPU
		{CAA5145C-3707-4269-A183-D5C29CECF99E}.Release|Any CPU.ActiveCfg = Release|Any CPU
		{CAA5145C-3707-4269-A183-D5C29CECF99E}.Release|Any CPU.Build.0 = Release|Any CPU
		{59F99639-34AC-46E0-AC75-22DF36A53D8A}.Debug|Any CPU.ActiveCfg = Debug|Any CPU
		{59F99639-34AC-46E0-AC75-22DF36A53D8A}.Debug|Any CPU.Build.0 = Debug|Any CPU
		{59F99639-34AC-46E0-AC75-22DF36A53D8A}.Release|Any CPU.ActiveCfg = Release|Any CPU
		{59F99639-34AC-46E0-AC75-22DF36A53D8A}.Release|Any CPU.Build.0 = Release|Any CPU
	EndGlobalSection
	GlobalSection(SolutionProperties) = preSolution
		HideSolutionNode = FALSE
	EndGlobalSection
	GlobalSection(ExtensibilityGlobals) = postSolution
		SolutionGuid = {806B7916-9144-4700-BBD7-23DDF3E41F4D}
	EndGlobalSection
EndGlobal
